
Microsoft Visual Studio Solution File, Format Version 12.00
# Visual Studio Version 17
VisualStudioVersion = 17.13.35806.99 d17.13
MinimumVisualStudioVersion = 10.0.40219.1
Project("{FAE04EC0-301F-11D3-BF4B-00C04F79EFBC}") = "L00172691_BlazorServer", "L00172691_BlazorServer.csproj", "{FABD7FE4-FF1E-4C62-8A6A-01F35D15086F}"
EndProject
Project("{FAE04EC0-301F-11D3-BF4B-00C04F79EFBC}") = "L00172691_BlazorServer.Model", "..\L00172691_BlazorServer.Model\L00172691_BlazorServer.Model.csproj", "{EC6D0137-EA75-4619-A7B4-EC6B4C0F9FBD}"
EndProject
Project("{FAE04EC0-301F-11D3-BF4B-00C04F79EFBC}") = "L00172691_BlazorServer.DataAccess", "..\L00172691_BlazorServer.DataAccess\L00172691_BlazorServer.DataAccess.csproj", "{A7354C1C-4FF2-4B09-A554-431B86C40DA2}"
EndProject
Project("{FAE04EC0-301F-11D3-BF4B-00C04F79EFBC}") = "L00172691_BlazorServer.Services", "..\L00172691_BlazorServer.Services\L00172691_BlazorServer.Services.csproj", "{125AA98D-0CAF-45D3-9DD6-022E751D9666}"
EndProject
Global
	GlobalSection(SolutionConfigurationPlatforms) = preSolution
		Debug|Any CPU = Debug|Any CPU
		Release|Any CPU = Release|Any CPU
	EndGlobalSection
	GlobalSection(ProjectConfigurationPlatforms) = postSolution
		{FABD7FE4-FF1E-4C62-8A6A-01F35D15086F}.Debug|Any CPU.ActiveCfg = Debug|Any CPU
		{FABD7FE4-FF1E-4C62-8A6A-01F35D15086F}.Debug|Any CPU.Build.0 = Debug|Any CPU
		{FABD7FE4-FF1E-4C62-8A6A-01F35D15086F}.Release|Any CPU.ActiveCfg = Release|Any CPU
		{FABD7FE4-FF1E-4C62-8A6A-01F35D15086F}.Release|Any CPU.Build.0 = Release|Any CPU
		{EC6D0137-EA75-4619-A7B4-EC6B4C0F9FBD}.Debug|Any CPU.ActiveCfg = Debug|Any CPU
		{EC6D0137-EA75-4619-A7B4-EC6B4C0F9FBD}.Debug|Any CPU.Build.0 = Debug|Any CPU
		{EC6D0137-EA75-4619-A7B4-EC6B4C0F9FBD}.Release|Any CPU.ActiveCfg = Release|Any CPU
		{EC6D0137-EA75-4619-A7B4-EC6B4C0F9FBD}.Release|Any CPU.Build.0 = Release|Any CPU
		{A7354C1C-4FF2-4B09-A554-431B86C40DA2}.Debug|Any CPU.ActiveCfg = Debug|Any CPU
		{A7354C1C-4FF2-4B09-A554-431B86C40DA2}.Debug|Any CPU.Build.0 = Debug|Any CPU
		{A7354C1C-4FF2-4B09-A554-431B86C40DA2}.Release|Any CPU.ActiveCfg = Release|Any CPU
		{A7354C1C-4FF2-4B09-A554-431B86C40DA2}.Release|Any CPU.Build.0 = Release|Any CPU
		{125AA98D-0CAF-45D3-9DD6-022E751D9666}.Debug|Any CPU.ActiveCfg = Debug|Any CPU
		{125AA98D-0CAF-45D3-9DD6-022E751D9666}.Debug|Any CPU.Build.0 = Debug|Any CPU
		{125AA98D-0CAF-45D3-9DD6-022E751D9666}.Release|Any CPU.ActiveCfg = Release|Any CPU
		{125AA98D-0CAF-45D3-9DD6-022E751D9666}.Release|Any CPU.Build.0 = Release|Any CPU
	EndGlobalSection
	GlobalSection(SolutionProperties) = preSolution
		HideSolutionNode = FALSE
	EndGlobalSection
	GlobalSection(ExtensibilityGlobals) = postSolution
		SolutionGuid = {15A0FF9E-28E6-458E-A698-D940EC2F8C5E}
	EndGlobalSection
EndGlobal
